
Microsoft Visual Studio Solution File, Format Version 12.00
# Visual Studio Version 16
VisualStudioVersion = 16.0.30320.27
MinimumVisualStudioVersion = 10.0.40219.1
Project("{9A19103F-16F7-4668-BE54-9A1E7A4F7556}") = "CommonUtils", "CommonUtils\CommonUtils.csproj", "{8EB8081D-8155-44C4-AE04-805F720ADCB4}"
EndProject
Project("{9A19103F-16F7-4668-BE54-9A1E7A4F7556}") = "JobServer", "JobServer\JobServer.csproj", "{581B77BC-BAEE-4C3B-99B7-D6D664DA7A82}"
EndProject
Project("{9A19103F-16F7-4668-BE54-9A1E7A4F7556}") = "Hangfire.Dashboard.BasicAuthorization", "Hangfire.Dashboard.BasicAuthorization\Hangfire.Dashboard.BasicAuthorization.csproj", "{EA3EBF98-E84D-4B4C-A4DF-445891A166D6}"
EndProject
Project("{9A19103F-16F7-4668-BE54-9A1E7A4F7556}") = "UtilRepo", "UtilRepo\UtilRepo.csproj", "{1C7FE2A9-2395-4BD7-9764-9D49896C36C8}"
EndProject
Project("{9A19103F-16F7-4668-BE54-9A1E7A4F7556}") = "Hangfire.HttpJob", "Hangfire.HttpJob\Hangfire.HttpJob.csproj", "{C62E1DEB-B2BC-442D-BD54-36AA17185453}"
EndProject
Project("{FAE04EC0-301F-11D3-BF4B-00C04F79EFBC}") = "Test", "Test\Test.csproj", "{20F981B0-71A6-482C-BA02-67FDEAE19F84}"
EndProject
Global
	GlobalSection(SolutionConfigurationPlatforms) = preSolution
		Debug|Any CPU = Debug|Any CPU
		Release|Any CPU = Release|Any CPU
	EndGlobalSection
	GlobalSection(ProjectConfigurationPlatforms) = postSolution
		{8EB8081D-8155-44C4-AE04-805F720ADCB4}.Debug|Any CPU.ActiveCfg = Debug|Any CPU
		{8EB8081D-8155-44C4-AE04-805F720ADCB4}.Debug|Any CPU.Build.0 = Debug|Any CPU
		{8EB8081D-8155-44C4-AE04-805F720ADCB4}.Release|Any CPU.ActiveCfg = Release|Any CPU
		{8EB8081D-8155-44C4-AE04-805F720ADCB4}.Release|Any CPU.Build.0 = Release|Any CPU
		{581B77BC-BAEE-4C3B-99B7-D6D664DA7A82}.Debug|Any CPU.ActiveCfg = Debug|Any CPU
		{581B77BC-BAEE-4C3B-99B7-D6D664DA7A82}.Debug|Any CPU.Build.0 = Debug|Any CPU
		{581B77BC-BAEE-4C3B-99B7-D6D664DA7A82}.Release|Any CPU.ActiveCfg = Release|Any CPU
		{581B77BC-BAEE-4C3B-99B7-D6D664DA7A82}.Release|Any CPU.Build.0 = Release|Any CPU
		{EA3EBF98-E84D-4B4C-A4DF-445891A166D6}.Debug|Any CPU.ActiveCfg = Debug|Any CPU
		{EA3EBF98-E84D-4B4C-A4DF-445891A166D6}.Debug|Any CPU.Build.0 = Debug|Any CPU
		{EA3EBF98-E84D-4B4C-A4DF-445891A166D6}.Release|Any CPU.ActiveCfg = Release|Any CPU
		{EA3EBF98-E84D-4B4C-A4DF-445891A166D6}.Release|Any CPU.Build.0 = Release|Any CPU
		{1C7FE2A9-2395-4BD7-9764-9D49896C36C8}.Debug|Any CPU.ActiveCfg = Debug|Any CPU
		{1C7FE2A9-2395-4BD7-9764-9D49896C36C8}.Debug|Any CPU.Build.0 = Debug|Any CPU
		{1C7FE2A9-2395-4BD7-9764-9D49896C36C8}.Release|Any CPU.ActiveCfg = Release|Any CPU
		{1C7FE2A9-2395-4BD7-9764-9D49896C36C8}.Release|Any CPU.Build.0 = Release|Any CPU
		{C62E1DEB-B2BC-442D-BD54-36AA17185453}.Debug|Any CPU.ActiveCfg = Debug|Any CPU
		{C62E1DEB-B2BC-442D-BD54-36AA17185453}.Debug|Any CPU.Build.0 = Debug|Any CPU
		{C62E1DEB-B2BC-442D-BD54-36AA17185453}.Release|Any CPU.ActiveCfg = Release|Any CPU
		{C62E1DEB-B2BC-442D-BD54-36AA17185453}.Release|Any CPU.Build.0 = Release|Any CPU
		{20F981B0-71A6-482C-BA02-67FDEAE19F84}.Debug|Any CPU.ActiveCfg = Debug|Any CPU
		{20F981B0-71A6-482C-BA02-67FDEAE19F84}.Debug|Any CPU.Build.0 = Debug|Any CPU
		{20F981B0-71A6-482C-BA02-67FDEAE19F84}.Release|Any CPU.ActiveCfg = Release|Any CPU
		{20F981B0-71A6-482C-BA02-67FDEAE19F84}.Release|Any CPU.Build.0 = Release|Any CPU
	EndGlobalSection
	GlobalSection(SolutionProperties) = preSolution
		HideSolutionNode = FALSE
	EndGlobalSection
	GlobalSection(ExtensibilityGlobals) = postSolution
		SolutionGuid = {A0F291CF-8CBD-40FD-98F3-9EDA4D1B8DD2}
	EndGlobalSection
EndGlobal
